
Microsoft Visual Studio Solution File, Format Version 12.00
# Visual Studio Version 17
VisualStudioVersion = 17.0.32126.317
MinimumVisualStudioVersion = 10.0.40219.1
Project("{FAE04EC0-301F-11D3-BF4B-00C04F79EFBC}") = "ChessGame", "ChessGame\ChessGame.csproj", "{8AFB5126-880A-47F8-A1E3-46904D2E96AC}"
EndProject
Global
	GlobalSection(SolutionConfigurationPlatforms) = preSolution
		Debug|Any CPU = Debug|Any CPU
		Release|Any CPU = Release|Any CPU
	EndGlobalSection
	GlobalSection(ProjectConfigurationPlatforms) = postSolution
		{8AFB5126-880A-47F8-A1E3-46904D2E96AC}.Debug|Any CPU.ActiveCfg = Debug|Any CPU
		{8AFB5126-880A-47F8-A1E3-46904D2E96AC}.Debug|Any CPU.Build.0 = Debug|Any CPU
		{8AFB5126-880A-47F8-A1E3-46904D2E96AC}.Release|Any CPU.ActiveCfg = Release|Any CPU
		{8AFB5126-880A-47F8-A1E3-46904D2E96AC}.Release|Any CPU.Build.0 = Release|Any CPU
	EndGlobalSection
	GlobalSection(SolutionProperties) = preSolution
		HideSolutionNode = FALSE
	EndGlobalSection
	GlobalSection(ExtensibilityGlobals) = postSolution
		SolutionGuid = {49C7F3D8-0752-4073-A393-E54E48F266EB}
	EndGlobalSection
EndGlobal
